{
  "nodes": {
    "nixpkgs": {
      "locked": {
        "lastModified": 1718551838,
        "narHash": "sha256-aFYCqPyXBWVE5AVQ/utrW/2BtrNtdIQeOeb6nvZmr1E=",
        "owner": "r-ryantm",
        "repo": "nixpkgs",
        "rev": "9efeb0b0aa36eb4f1d21f3a25a3aa852d4e35c4e",
        "type": "github"
      },
      "original": {
        "owner": "r-ryantm",
        "ref": "auto-update/python311Packages.piccolo-theme",
        "repo": "nixpkgs",
        "type": "github"
      }
    },
    "root": {
      "inputs": {
        "nixpkgs": "nixpkgs"
      }
    }
  },
  "root": "root",
  "version": 7
}
