{
  "nodes": {
    "nixpkgs": {
      "locked": {
        "lastModified": 1741439961,
        "narHash": "sha256-u1Jce8Y1f3DKGA7LXnWP5uy823M8LDrwXdejy8OvNEY=",
        "owner": "loicreynier",
        "repo": "nixpkgs",
        "rev": "61b6c40a13510346dd3972eb83fbc569ab9b09b1",
        "type": "github"
      },
      "original": {
        "owner": "loicreynier",
        "ref": "feat/python3Packages.myst-parser/update",
        "repo": "nixpkgs",
        "type": "github"
      }
    },
    "root": {
      "inputs": {
        "nixpkgs": "nixpkgs"
      }
    }
  },
  "root": "root",
  "version": 7
}
