{
  "nodes": {
    "nixpkgs": {
      "locked": {
        "lastModified": 1716464658,
        "narHash": "sha256-9vjx2Ga52+kYJI4j0WjLVBtDO74EaPxRwCP+hI7Dbms=",
        "owner": "loicreynier",
        "repo": "nixpkgs",
        "rev": "283f571b91ae22179d7da529d55797e88bac4a32",
        "type": "github"
      },
      "original": {
        "owner": "loicreynier",
        "ref": "feat-myst-parser-update",
        "repo": "nixpkgs",
        "type": "github"
      }
    },
    "root": {
      "inputs": {
        "nixpkgs": "nixpkgs"
      }
    }
  },
  "root": "root",
  "version": 7
}
