{
  "nodes": {
    "nixpkgs": {
      "locked": {
        "lastModified": 1716544802,
        "narHash": "sha256-5x1COMR/PGQp9y3vFEhVFaO2kGdfOSgtwlE+ayabjBM=",
        "owner": "loicreynier",
        "repo": "nixpkgs",
        "rev": "0d8d168d5fa1822952754bd9c8b277f23e97d179",
        "type": "github"
      },
      "original": {
        "owner": "loicreynier",
        "ref": "feat-python3-docarray-init-at-0.40",
        "repo": "nixpkgs",
        "type": "github"
      }
    },
    "root": {
      "inputs": {
        "nixpkgs": "nixpkgs"
      }
    }
  },
  "root": "root",
  "version": 7
}
