{
  "nodes": {
    "nixpkgs": {
      "locked": {
        "lastModified": 1716814694,
        "narHash": "sha256-Swsh7NQA2DGjQR49yHMq7XJOoDTCCCgBJrwpFbeDoqU=",
        "owner": "loicreynier",
        "repo": "nixpkgs",
        "rev": "b1c0a0ecbfcee96ae88ab728451a1663926c10d4",
        "type": "github"
      },
      "original": {
        "owner": "loicreynier",
        "ref": "feat-python3-docarray-init-at-0.40",
        "repo": "nixpkgs",
        "type": "github"
      }
    },
    "root": {
      "inputs": {
        "nixpkgs": "nixpkgs"
      }
    }
  },
  "root": "root",
  "version": 7
}
