{
  "nodes": {
    "nixpkgs": {
      "locked": {
        "lastModified": 1722860469,
        "narHash": "sha256-bRNRyIroQWjtSESMiApWsdeLdBDM1U2m1H+Rg7hztoQ=",
        "owner": "NixOS",
        "repo": "nixpkgs",
        "rev": "a678b46c5d20fc7152db7852ce1d4f5afb968403",
        "type": "github"
      },
      "original": {
        "owner": "NixOS",
        "ref": "master",
        "repo": "nixpkgs",
        "type": "github"
      }
    },
    "root": {
      "inputs": {
        "nixpkgs": "nixpkgs"
      }
    }
  },
  "root": "root",
  "version": 7
}
